// !$*UTF8*$!
{
	archiveVersion = 1;
	classes = {
	};
	objectVersion = 55;
	objects = {

/* Begin PBXBuildFile section */
		2A9A9BA408CB917765D681C8 /* Pods_SolidCourseFramework.framework in Frameworks */ = {isa = PBXBuildFile; fileRef = 0A9CDB67D5F0BBF9EEE14E29 /* Pods_SolidCourseFramework.framework */; };
		B208636E279C80EE0000F0C6 /* IoC.swift in Sources */ = {isa = PBXBuildFile; fileRef = B2B4F970279C8033001E0F15 /* IoC.swift */; };
		B208636F279C80F00000F0C6 /* Command.swift in Sources */ = {isa = PBXBuildFile; fileRef = B2B4F96E279C801B001E0F15 /* Command.swift */; };
		B2086370279C80F20000F0C6 /* Queue.swift in Sources */ = {isa = PBXBuildFile; fileRef = B2B4F972279C804E001E0F15 /* Queue.swift */; };
		B2086372279C83800000F0C6 /* ErrorHandler.swift in Sources */ = {isa = PBXBuildFile; fileRef = B2086371279C83800000F0C6 /* ErrorHandler.swift */; };
		B2086374279C86090000F0C6 /* Helper.swift in Sources */ = {isa = PBXBuildFile; fileRef = B2086373279C86090000F0C6 /* Helper.swift */; };
		B24FBA7D279D8E19004B6E09 /* Abstract.swift in Sources */ = {isa = PBXBuildFile; fileRef = B24FBA7C279D8E19004B6E09 /* Abstract.swift */; };
		B24FBA7F279D9138004B6E09 /* AdapterGeneratorTemplate.stencil in Resources */ = {isa = PBXBuildFile; fileRef = B24FBA7E279D9138004B6E09 /* AdapterGeneratorTemplate.stencil */; };
		B24FBA81279D9621004B6E09 /* Adapter.swift in Sources */ = {isa = PBXBuildFile; fileRef = B24FBA80279D9621004B6E09 /* Adapter.swift */; };
		B27EC7072773689E00BD3E4D /* SolidCourseFramework.framework in Frameworks */ = {isa = PBXBuildFile; fileRef = B27EC6FE2773689E00BD3E4D /* SolidCourseFramework.framework */; };
		B27EC70C2773689E00BD3E4D /* SolidCourseFrameworkTests.swift in Sources */ = {isa = PBXBuildFile; fileRef = B27EC70B2773689E00BD3E4D /* SolidCourseFrameworkTests.swift */; };
		B27EC717277368F600BD3E4D /* SolidCourseFramework.swift in Sources */ = {isa = PBXBuildFile; fileRef = B27EC716277368F600BD3E4D /* SolidCourseFramework.swift */; };
		B2A797A1279DA9D000F713D8 /* GeneratedMocks.swift in Sources */ = {isa = PBXBuildFile; fileRef = B2A797A0279DA9D000F713D8 /* GeneratedMocks.swift */; };
		B2BC59E5279E069300AC56B6 /* CommandIoCGeneratorTemplate.stencil in Resources */ = {isa = PBXBuildFile; fileRef = B2BC59E4279E069300AC56B6 /* CommandIoCGeneratorTemplate.stencil */; };
		B2BC59E8279E077A00AC56B6 /* CommandIoCRegister.swift in Sources */ = {isa = PBXBuildFile; fileRef = B2BC59E7279E077900AC56B6 /* CommandIoCRegister.swift */; };
		CA6C9408D98E2239F9E5F9E5 /* Pods_SolidCourseFramework_SolidCourseFrameworkTests.framework in Frameworks */ = {isa = PBXBuildFile; fileRef = F67A5748D34A3A9E65EED6B7 /* Pods_SolidCourseFramework_SolidCourseFrameworkTests.framework */; };
/* End PBXBuildFile section */

/* Begin PBXContainerItemProxy section */
		B27EC7082773689E00BD3E4D /* PBXContainerItemProxy */ = {
			isa = PBXContainerItemProxy;
			containerPortal = B27EC6F52773689E00BD3E4D /* Project object */;
			proxyType = 1;
			remoteGlobalIDString = B27EC6FD2773689E00BD3E4D;
			remoteInfo = SolidCourseFramework;
		};
/* End PBXContainerItemProxy section */

/* Begin PBXFileReference section */
		0A9CDB67D5F0BBF9EEE14E29 /* Pods_SolidCourseFramework.framework */ = {isa = PBXFileReference; explicitFileType = wrapper.framework; includeInIndex = 0; path = Pods_SolidCourseFramework.framework; sourceTree = BUILT_PRODUCTS_DIR; };
		193357DC726D8959DA39F61F /* Pods-SolidCourseFramework.release.xcconfig */ = {isa = PBXFileReference; includeInIndex = 1; lastKnownFileType = text.xcconfig; name = "Pods-SolidCourseFramework.release.xcconfig"; path = "Target Support Files/Pods-SolidCourseFramework/Pods-SolidCourseFramework.release.xcconfig"; sourceTree = "<group>"; };
		84A085C7E87CD83189ACFFF1 /* Pods-SolidCourseFramework-SolidCourseFrameworkTests.release.xcconfig */ = {isa = PBXFileReference; includeInIndex = 1; lastKnownFileType = text.xcconfig; name = "Pods-SolidCourseFramework-SolidCourseFrameworkTests.release.xcconfig"; path = "Target Support Files/Pods-SolidCourseFramework-SolidCourseFrameworkTests/Pods-SolidCourseFramework-SolidCourseFrameworkTests.release.xcconfig"; sourceTree = "<group>"; };
		B2086371279C83800000F0C6 /* ErrorHandler.swift */ = {isa = PBXFileReference; lastKnownFileType = sourcecode.swift; path = ErrorHandler.swift; sourceTree = "<group>"; };
		B2086373279C86090000F0C6 /* Helper.swift */ = {isa = PBXFileReference; lastKnownFileType = sourcecode.swift; path = Helper.swift; sourceTree = "<group>"; };
		B24FBA7C279D8E19004B6E09 /* Abstract.swift */ = {isa = PBXFileReference; lastKnownFileType = sourcecode.swift; path = Abstract.swift; sourceTree = "<group>"; };
		B24FBA7E279D9138004B6E09 /* AdapterGeneratorTemplate.stencil */ = {isa = PBXFileReference; lastKnownFileType = text; path = AdapterGeneratorTemplate.stencil; sourceTree = "<group>"; };
		B24FBA80279D9621004B6E09 /* Adapter.swift */ = {isa = PBXFileReference; fileEncoding = 4; lastKnownFileType = sourcecode.swift; path = Adapter.swift; sourceTree = "<group>"; };
		B27EC6FE2773689E00BD3E4D /* SolidCourseFramework.framework */ = {isa = PBXFileReference; explicitFileType = wrapper.framework; includeInIndex = 0; path = SolidCourseFramework.framework; sourceTree = BUILT_PRODUCTS_DIR; };
		B27EC7062773689E00BD3E4D /* SolidCourseFrameworkTests.xctest */ = {isa = PBXFileReference; explicitFileType = wrapper.cfbundle; includeInIndex = 0; path = SolidCourseFrameworkTests.xctest; sourceTree = BUILT_PRODUCTS_DIR; };
		B27EC70B2773689E00BD3E4D /* SolidCourseFrameworkTests.swift */ = {isa = PBXFileReference; lastKnownFileType = sourcecode.swift; path = SolidCourseFrameworkTests.swift; sourceTree = "<group>"; };
		B27EC716277368F600BD3E4D /* SolidCourseFramework.swift */ = {isa = PBXFileReference; lastKnownFileType = sourcecode.swift; path = SolidCourseFramework.swift; sourceTree = "<group>"; };
		B2A797A0279DA9D000F713D8 /* GeneratedMocks.swift */ = {isa = PBXFileReference; fileEncoding = 4; lastKnownFileType = sourcecode.swift; path = GeneratedMocks.swift; sourceTree = "<group>"; };
		B2B4F96E279C801B001E0F15 /* Command.swift */ = {isa = PBXFileReference; lastKnownFileType = sourcecode.swift; path = Command.swift; sourceTree = "<group>"; };
		B2B4F970279C8033001E0F15 /* IoC.swift */ = {isa = PBXFileReference; lastKnownFileType = sourcecode.swift; path = IoC.swift; sourceTree = "<group>"; };
		B2B4F972279C804E001E0F15 /* Queue.swift */ = {isa = PBXFileReference; lastKnownFileType = sourcecode.swift; path = Queue.swift; sourceTree = "<group>"; };
		B2BC59E4279E069300AC56B6 /* CommandIoCGeneratorTemplate.stencil */ = {isa = PBXFileReference; fileEncoding = 4; lastKnownFileType = text; path = CommandIoCGeneratorTemplate.stencil; sourceTree = "<group>"; };
		B2BC59E7279E077900AC56B6 /* CommandIoCRegister.swift */ = {isa = PBXFileReference; fileEncoding = 4; lastKnownFileType = sourcecode.swift; path = CommandIoCRegister.swift; sourceTree = "<group>"; };
		CE33FB66BC7F1FD7CCA75088 /* Pods-SolidCourseFramework-SolidCourseFrameworkTests.debug.xcconfig */ = {isa = PBXFileReference; includeInIndex = 1; lastKnownFileType = text.xcconfig; name = "Pods-SolidCourseFramework-SolidCourseFrameworkTests.debug.xcconfig"; path = "Target Support Files/Pods-SolidCourseFramework-SolidCourseFrameworkTests/Pods-SolidCourseFramework-SolidCourseFrameworkTests.debug.xcconfig"; sourceTree = "<group>"; };
		D136A083976A7D8374FF553F /* Pods-SolidCourseFramework.debug.xcconfig */ = {isa = PBXFileReference; includeInIndex = 1; lastKnownFileType = text.xcconfig; name = "Pods-SolidCourseFramework.debug.xcconfig"; path = "Target Support Files/Pods-SolidCourseFramework/Pods-SolidCourseFramework.debug.xcconfig"; sourceTree = "<group>"; };
		F67A5748D34A3A9E65EED6B7 /* Pods_SolidCourseFramework_SolidCourseFrameworkTests.framework */ = {isa = PBXFileReference; explicitFileType = wrapper.framework; includeInIndex = 0; path = Pods_SolidCourseFramework_SolidCourseFrameworkTests.framework; sourceTree = BUILT_PRODUCTS_DIR; };
/* End PBXFileReference section */

/* Begin PBXFrameworksBuildPhase section */
		B27EC6FB2773689E00BD3E4D /* Frameworks */ = {
			isa = PBXFrameworksBuildPhase;
			buildActionMask = 2147483647;
			files = (
				2A9A9BA408CB917765D681C8 /* Pods_SolidCourseFramework.framework in Frameworks */,
			);
			runOnlyForDeploymentPostprocessing = 0;
		};
		B27EC7032773689E00BD3E4D /* Frameworks */ = {
			isa = PBXFrameworksBuildPhase;
			buildActionMask = 2147483647;
			files = (
				B27EC7072773689E00BD3E4D /* SolidCourseFramework.framework in Frameworks */,
				CA6C9408D98E2239F9E5F9E5 /* Pods_SolidCourseFramework_SolidCourseFrameworkTests.framework in Frameworks */,
			);
			runOnlyForDeploymentPostprocessing = 0;
		};
/* End PBXFrameworksBuildPhase section */

/* Begin PBXGroup section */
		47879178B949DB456BBC14F5 /* Pods */ = {
			isa = PBXGroup;
			children = (
				D136A083976A7D8374FF553F /* Pods-SolidCourseFramework.debug.xcconfig */,
				193357DC726D8959DA39F61F /* Pods-SolidCourseFramework.release.xcconfig */,
				CE33FB66BC7F1FD7CCA75088 /* Pods-SolidCourseFramework-SolidCourseFrameworkTests.debug.xcconfig */,
				84A085C7E87CD83189ACFFF1 /* Pods-SolidCourseFramework-SolidCourseFrameworkTests.release.xcconfig */,
			);
			path = Pods;
			sourceTree = "<group>";
		};
		B27EC6F42773689E00BD3E4D = {
			isa = PBXGroup;
			children = (
				B27EC7002773689E00BD3E4D /* SolidCourseFramework */,
				B27EC70A2773689E00BD3E4D /* SolidCourseFrameworkTests */,
				B27EC6FF2773689E00BD3E4D /* Products */,
				47879178B949DB456BBC14F5 /* Pods */,
				D6CFD26BB921D16C4D2670FA /* Frameworks */,
			);
			sourceTree = "<group>";
		};
		B27EC6FF2773689E00BD3E4D /* Products */ = {
			isa = PBXGroup;
			children = (
				B27EC6FE2773689E00BD3E4D /* SolidCourseFramework.framework */,
				B27EC7062773689E00BD3E4D /* SolidCourseFrameworkTests.xctest */,
			);
			name = Products;
			sourceTree = "<group>";
		};
		B27EC7002773689E00BD3E4D /* SolidCourseFramework */ = {
			isa = PBXGroup;
			children = (
				B27EC716277368F600BD3E4D /* SolidCourseFramework.swift */,
				B24FBA7C279D8E19004B6E09 /* Abstract.swift */,
				B24FBA80279D9621004B6E09 /* Adapter.swift */,
				B24FBA7E279D9138004B6E09 /* AdapterGeneratorTemplate.stencil */,
				B2B4F96E279C801B001E0F15 /* Command.swift */,
				B2BC59E7279E077900AC56B6 /* CommandIoCRegister.swift */,
				B2BC59E4279E069300AC56B6 /* CommandIoCGeneratorTemplate.stencil */,
				B2B4F972279C804E001E0F15 /* Queue.swift */,
				B2B4F970279C8033001E0F15 /* IoC.swift */,
				B2086371279C83800000F0C6 /* ErrorHandler.swift */,
				B2086373279C86090000F0C6 /* Helper.swift */,
			);
			path = SolidCourseFramework;
			sourceTree = "<group>";
		};
		B27EC70A2773689E00BD3E4D /* SolidCourseFrameworkTests */ = {
			isa = PBXGroup;
			children = (
				B2A797A0279DA9D000F713D8 /* GeneratedMocks.swift */,
				B27EC70B2773689E00BD3E4D /* SolidCourseFrameworkTests.swift */,
			);
			path = SolidCourseFrameworkTests;
			sourceTree = "<group>";
		};
		D6CFD26BB921D16C4D2670FA /* Frameworks */ = {
			isa = PBXGroup;
			children = (
				0A9CDB67D5F0BBF9EEE14E29 /* Pods_SolidCourseFramework.framework */,
				F67A5748D34A3A9E65EED6B7 /* Pods_SolidCourseFramework_SolidCourseFrameworkTests.framework */,
			);
			name = Frameworks;
			sourceTree = "<group>";
		};
/* End PBXGroup section */

/* Begin PBXHeadersBuildPhase section */
		B27EC6F92773689E00BD3E4D /* Headers */ = {
			isa = PBXHeadersBuildPhase;
			buildActionMask = 2147483647;
			files = (
			);
			runOnlyForDeploymentPostprocessing = 0;
		};
/* End PBXHeadersBuildPhase section */

/* Begin PBXNativeTarget section */
		B27EC6FD2773689E00BD3E4D /* SolidCourseFramework */ = {
			isa = PBXNativeTarget;
			buildConfigurationList = B27EC7102773689E00BD3E4D /* Build configuration list for PBXNativeTarget "SolidCourseFramework" */;
			buildPhases = (
				B12C3A18AA5AA51C61A662B3 /* [CP] Check Pods Manifest.lock */,
				B27EC6F92773689E00BD3E4D /* Headers */,
				B2A797A4279DB22600F713D8 /* ShellScript */,
				B2BC59E6279E06F000AC56B6 /* ShellScript */,
				B27EC6FA2773689E00BD3E4D /* Sources */,
				B27EC6FB2773689E00BD3E4D /* Frameworks */,
				B27EC6FC2773689E00BD3E4D /* Resources */,
			);
			buildRules = (
			);
			dependencies = (
			);
			name = SolidCourseFramework;
			productName = SolidCourseFramework;
			productReference = B27EC6FE2773689E00BD3E4D /* SolidCourseFramework.framework */;
			productType = "com.apple.product-type.framework";
		};
		B27EC7052773689E00BD3E4D /* SolidCourseFrameworkTests */ = {
			isa = PBXNativeTarget;
			buildConfigurationList = B27EC7132773689E00BD3E4D /* Build configuration list for PBXNativeTarget "SolidCourseFrameworkTests" */;
			buildPhases = (
				CBD9D29445B937A2D94C9A28 /* [CP] Check Pods Manifest.lock */,
				B209216C27736C60007C0AA2 /* ShellScript */,
				B27EC7022773689E00BD3E4D /* Sources */,
				B27EC7032773689E00BD3E4D /* Frameworks */,
				B27EC7042773689E00BD3E4D /* Resources */,
				545A5659B848AA6366B225D0 /* [CP] Embed Pods Frameworks */,
			);
			buildRules = (
			);
			dependencies = (
				B27EC7092773689E00BD3E4D /* PBXTargetDependency */,
			);
			name = SolidCourseFrameworkTests;
			productName = SolidCourseFrameworkTests;
			productReference = B27EC7062773689E00BD3E4D /* SolidCourseFrameworkTests.xctest */;
			productType = "com.apple.product-type.bundle.unit-test";
		};
/* End PBXNativeTarget section */

/* Begin PBXProject section */
		B27EC6F52773689E00BD3E4D /* Project object */ = {
			isa = PBXProject;
			attributes = {
				BuildIndependentTargetsInParallel = 1;
				LastSwiftUpdateCheck = 1320;
				LastUpgradeCheck = 1320;
				TargetAttributes = {
					B27EC6FD2773689E00BD3E4D = {
						CreatedOnToolsVersion = 13.2.1;
						LastSwiftMigration = 1320;
					};
					B27EC7052773689E00BD3E4D = {
						CreatedOnToolsVersion = 13.2.1;
					};
				};
			};
			buildConfigurationList = B27EC6F82773689E00BD3E4D /* Build configuration list for PBXProject "SolidCourseFramework" */;
			compatibilityVersion = "Xcode 13.0";
			developmentRegion = en;
			hasScannedForEncodings = 0;
			knownRegions = (
				en,
				Base,
			);
			mainGroup = B27EC6F42773689E00BD3E4D;
			productRefGroup = B27EC6FF2773689E00BD3E4D /* Products */;
			projectDirPath = "";
			projectRoot = "";
			targets = (
				B27EC6FD2773689E00BD3E4D /* SolidCourseFramework */,
				B27EC7052773689E00BD3E4D /* SolidCourseFrameworkTests */,
			);
		};
/* End PBXProject section */

/* Begin PBXResourcesBuildPhase section */
		B27EC6FC2773689E00BD3E4D /* Resources */ = {
			isa = PBXResourcesBuildPhase;
			buildActionMask = 2147483647;
			files = (
				B2BC59E5279E069300AC56B6 /* CommandIoCGeneratorTemplate.stencil in Resources */,
				B24FBA7F279D9138004B6E09 /* AdapterGeneratorTemplate.stencil in Resources */,
			);
			runOnlyForDeploymentPostprocessing = 0;
		};
		B27EC7042773689E00BD3E4D /* Resources */ = {
			isa = PBXResourcesBuildPhase;
			buildActionMask = 2147483647;
			files = (
			);
			runOnlyForDeploymentPostprocessing = 0;
		};
/* End PBXResourcesBuildPhase section */

/* Begin PBXShellScriptBuildPhase section */
		545A5659B848AA6366B225D0 /* [CP] Embed Pods Frameworks */ = {
			isa = PBXShellScriptBuildPhase;
			buildActionMask = 2147483647;
			files = (
			);
			inputFileListPaths = (
				"${PODS_ROOT}/Target Support Files/Pods-SolidCourseFramework-SolidCourseFrameworkTests/Pods-SolidCourseFramework-SolidCourseFrameworkTests-frameworks-${CONFIGURATION}-input-files.xcfilelist",
			);
			name = "[CP] Embed Pods Frameworks";
			outputFileListPaths = (
				"${PODS_ROOT}/Target Support Files/Pods-SolidCourseFramework-SolidCourseFrameworkTests/Pods-SolidCourseFramework-SolidCourseFrameworkTests-frameworks-${CONFIGURATION}-output-files.xcfilelist",
			);
			runOnlyForDeploymentPostprocessing = 0;
			shellPath = /bin/sh;
			shellScript = "\"${PODS_ROOT}/Target Support Files/Pods-SolidCourseFramework-SolidCourseFrameworkTests/Pods-SolidCourseFramework-SolidCourseFrameworkTests-frameworks.sh\"\n";
			showEnvVarsInLog = 0;
		};
		B12C3A18AA5AA51C61A662B3 /* [CP] Check Pods Manifest.lock */ = {
			isa = PBXShellScriptBuildPhase;
			buildActionMask = 2147483647;
			files = (
			);
			inputFileListPaths = (
			);
			inputPaths = (
				"${PODS_PODFILE_DIR_PATH}/Podfile.lock",
				"${PODS_ROOT}/Manifest.lock",
			);
			name = "[CP] Check Pods Manifest.lock";
			outputFileListPaths = (
			);
			outputPaths = (
				"$(DERIVED_FILE_DIR)/Pods-SolidCourseFramework-checkManifestLockResult.txt",
			);
			runOnlyForDeploymentPostprocessing = 0;
			shellPath = /bin/sh;
			shellScript = "diff \"${PODS_PODFILE_DIR_PATH}/Podfile.lock\" \"${PODS_ROOT}/Manifest.lock\" > /dev/null\nif [ $? != 0 ] ; then\n    # print error to STDERR\n    echo \"error: The sandbox is not in sync with the Podfile.lock. Run 'pod install' or update your CocoaPods installation.\" >&2\n    exit 1\nfi\n# This output is used by Xcode 'outputs' to avoid re-running this script phase.\necho \"SUCCESS\" > \"${SCRIPT_OUTPUT_FILE_0}\"\n";
			showEnvVarsInLog = 0;
		};
		B209216C27736C60007C0AA2 /* ShellScript */ = {
			isa = PBXShellScriptBuildPhase;
			buildActionMask = 2147483647;
			files = (
			);
			inputFileListPaths = (
			);
			inputPaths = (
			);
			outputFileListPaths = (
			);
			outputPaths = (
			);
			runOnlyForDeploymentPostprocessing = 0;
			shellPath = /bin/sh;
			shellScript = "if [ $ACTION == \"indexbuild\" ]; then\n  echo \"Not running Cuckoo generator during indexing.\"\n  exit 0 \nfi\n\n# Skip for preview builds\nif [ \"${ENABLE_PREVIEWS}\" = \"YES\" ]; then\n  echo \"Not running Cuckoo generator during preview builds.\"\n  exit 0\nfi\n\n# Define output file. Change \"${PROJECT_DIR}/${PROJECT_NAME}Tests\" to your test's root source folder, if it's not the default name.\nOUTPUT_FILE=\"${PROJECT_DIR}/${PROJECT_NAME}Tests/GeneratedMocks.swift\"\necho \"Generated Mocks File = ${OUTPUT_FILE}\"\n\n# Define input directory. Change \"${PROJECT_DIR}/${PROJECT_NAME}\" to your project's root source folder, if it's not the default name.\nINPUT_DIR=\"${PROJECT_DIR}/${PROJECT_NAME}\"\necho \"Mocks Input Directory = ${INPUT_DIR}\"\n\n# Generate mock files, include as many input files as you'd like to create mocks for.\n\"${PODS_ROOT}/Cuckoo/run\" generate --testable \"${PROJECT_NAME}\" \\\n--output \"${OUTPUT_FILE}\" \\\n\"${INPUT_DIR}/SolidCourseFramework.swift\" \n# ... and so forth, the last line should never end with a backslash\n\n# After running once, locate `GeneratedMocks.swift` and drag it into your Xcode test target group.\n";
		};
		B2A797A4279DB22600F713D8 /* ShellScript */ = {
			isa = PBXShellScriptBuildPhase;
			buildActionMask = 2147483647;
			files = (
			);
			inputFileListPaths = (
			);
			inputPaths = (
			);
			outputFileListPaths = (
			);
			outputPaths = (
			);
			runOnlyForDeploymentPostprocessing = 0;
			shellPath = /bin/sh;
			shellScript = "INPUT_DIR=\"${PROJECT_DIR}/${PROJECT_NAME}\"\n\"${PODS_ROOT}/Sourcery/bin/sourcery\" --sources \"${INPUT_DIR}/Abstract.swift\" --templates \"${INPUT_DIR}/AdapterGeneratorTemplate.stencil\" --output \"SolidCourseFramework/Adapter.swift\"\n";
		};
		B2BC59E6279E06F000AC56B6 /* ShellScript */ = {
			isa = PBXShellScriptBuildPhase;
			buildActionMask = 2147483647;
			files = (
			);
			inputFileListPaths = (
			);
			inputPaths = (
			);
			outputFileListPaths = (
			);
			outputPaths = (
			);
			runOnlyForDeploymentPostprocessing = 0;
			shellPath = /bin/sh;
			shellScript = "INPUT_DIR=\"${PROJECT_DIR}/${PROJECT_NAME}\"\n\"${PODS_ROOT}/Sourcery/bin/sourcery\" --sources \"${INPUT_DIR}/Command.swift\" --templates \"${INPUT_DIR}/CommandIoCGeneratorTemplate.stencil\" --output \"SolidCourseFramework/CommandIoCRegister.swift\"\n";
		};
		CBD9D29445B937A2D94C9A28 /* [CP] Check Pods Manifest.lock */ = {
			isa = PBXShellScriptBuildPhase;
			buildActionMask = 2147483647;
			files = (
			);
			inputFileListPaths = (
			);
			inputPaths = (
				"${PODS_PODFILE_DIR_PATH}/Podfile.lock",
				"${PODS_ROOT}/Manifest.lock",
			);
			name = "[CP] Check Pods Manifest.lock";
			outputFileListPaths = (
			);
			outputPaths = (
				"$(DERIVED_FILE_DIR)/Pods-SolidCourseFramework-SolidCourseFrameworkTests-checkManifestLockResult.txt",
			);
			runOnlyForDeploymentPostprocessing = 0;
			shellPath = /bin/sh;
			shellScript = "diff \"${PODS_PODFILE_DIR_PATH}/Podfile.lock\" \"${PODS_ROOT}/Manifest.lock\" > /dev/null\nif [ $? != 0 ] ; then\n    # print error to STDERR\n    echo \"error: The sandbox is not in sync with the Podfile.lock. Run 'pod install' or update your CocoaPods installation.\" >&2\n    exit 1\nfi\n# This output is used by Xcode 'outputs' to avoid re-running this script phase.\necho \"SUCCESS\" > \"${SCRIPT_OUTPUT_FILE_0}\"\n";
			showEnvVarsInLog = 0;
		};
/* End PBXShellScriptBuildPhase section */

/* Begin PBXSourcesBuildPhase section */
		B27EC6FA2773689E00BD3E4D /* Sources */ = {
			isa = PBXSourcesBuildPhase;
			buildActionMask = 2147483647;
			files = (
				B27EC717277368F600BD3E4D /* SolidCourseFramework.swift in Sources */,
				B24FBA81279D9621004B6E09 /* Adapter.swift in Sources */,
				B24FBA7D279D8E19004B6E09 /* Abstract.swift in Sources */,
				B208636E279C80EE0000F0C6 /* IoC.swift in Sources */,
				B2086372279C83800000F0C6 /* ErrorHandler.swift in Sources */,
				B208636F279C80F00000F0C6 /* Command.swift in Sources */,
				B2BC59E8279E077A00AC56B6 /* CommandIoCRegister.swift in Sources */,
				B2086370279C80F20000F0C6 /* Queue.swift in Sources */,
				B2086374279C86090000F0C6 /* Helper.swift in Sources */,
			);
			runOnlyForDeploymentPostprocessing = 0;
		};
		B27EC7022773689E00BD3E4D /* Sources */ = {
			isa = PBXSourcesBuildPhase;
			buildActionMask = 2147483647;
			files = (
				B27EC70C2773689E00BD3E4D /* SolidCourseFrameworkTests.swift in Sources */,
				B2A797A1279DA9D000F713D8 /* GeneratedMocks.swift in Sources */,
			);
			runOnlyForDeploymentPostprocessing = 0;
		};
/* End PBXSourcesBuildPhase section */

/* Begin PBXTargetDependency section */
		B27EC7092773689E00BD3E4D /* PBXTargetDependency */ = {
			isa = PBXTargetDependency;
			target = B27EC6FD2773689E00BD3E4D /* SolidCourseFramework */;
			targetProxy = B27EC7082773689E00BD3E4D /* PBXContainerItemProxy */;
		};
/* End PBXTargetDependency section */

/* Begin XCBuildConfiguration section */
		B27EC70E2773689E00BD3E4D /* Debug */ = {
			isa = XCBuildConfiguration;
			buildSettings = {
				ALWAYS_EMBED_SWIFT_STANDARD_LIBRARIES = "$(inherited)";
				ALWAYS_SEARCH_USER_PATHS = NO;
				CLANG_ANALYZER_NONNULL = YES;
				CLANG_ANALYZER_NUMBER_OBJECT_CONVERSION = YES_AGGRESSIVE;
				CLANG_CXX_LANGUAGE_STANDARD = "gnu++17";
				CLANG_CXX_LIBRARY = "libc++";
				CLANG_ENABLE_MODULES = YES;
				CLANG_ENABLE_OBJC_ARC = YES;
				CLANG_ENABLE_OBJC_WEAK = YES;
				CLANG_WARN_BLOCK_CAPTURE_AUTORELEASING = YES;
				CLANG_WARN_BOOL_CONVERSION = YES;
				CLANG_WARN_COMMA = YES;
				CLANG_WARN_CONSTANT_CONVERSION = YES;
				CLANG_WARN_DEPRECATED_OBJC_IMPLEMENTATIONS = YES;
				CLANG_WARN_DIRECT_OBJC_ISA_USAGE = YES_ERROR;
				CLANG_WARN_DOCUMENTATION_COMMENTS = YES;
				CLANG_WARN_EMPTY_BODY = YES;
				CLANG_WARN_ENUM_CONVERSION = YES;
				CLANG_WARN_INFINITE_RECURSION = YES;
				CLANG_WARN_INT_CONVERSION = YES;
				CLANG_WARN_NON_LITERAL_NULL_CONVERSION = YES;
				CLANG_WARN_OBJC_IMPLICIT_RETAIN_SELF = YES;
				CLANG_WARN_OBJC_LITERAL_CONVERSION = YES;
				CLANG_WARN_OBJC_ROOT_CLASS = YES_ERROR;
				CLANG_WARN_QUOTED_INCLUDE_IN_FRAMEWORK_HEADER = YES;
				CLANG_WARN_RANGE_LOOP_ANALYSIS = YES;
				CLANG_WARN_STRICT_PROTOTYPES = YES;
				CLANG_WARN_SUSPICIOUS_MOVE = YES;
				CLANG_WARN_UNGUARDED_AVAILABILITY = YES_AGGRESSIVE;
				CLANG_WARN_UNREACHABLE_CODE = YES;
				CLANG_WARN__DUPLICATE_METHOD_MATCH = YES;
				COPY_PHASE_STRIP = NO;
				CURRENT_PROJECT_VERSION = 1;
				DEBUG_INFORMATION_FORMAT = dwarf;
				ENABLE_STRICT_OBJC_MSGSEND = YES;
				ENABLE_TESTABILITY = YES;
				GCC_C_LANGUAGE_STANDARD = gnu11;
				GCC_DYNAMIC_NO_PIC = NO;
				GCC_NO_COMMON_BLOCKS = YES;
				GCC_OPTIMIZATION_LEVEL = 0;
				GCC_PREPROCESSOR_DEFINITIONS = (
					"DEBUG=1",
					"$(inherited)",
				);
				GCC_WARN_64_TO_32_BIT_CONVERSION = YES;
				GCC_WARN_ABOUT_RETURN_TYPE = YES_ERROR;
				GCC_WARN_UNDECLARED_SELECTOR = YES;
				GCC_WARN_UNINITIALIZED_AUTOS = YES_AGGRESSIVE;
				GCC_WARN_UNUSED_FUNCTION = YES;
				GCC_WARN_UNUSED_VARIABLE = YES;
				MACOSX_DEPLOYMENT_TARGET = 11.6;
				MTL_ENABLE_DEBUG_INFO = INCLUDE_SOURCE;
				MTL_FAST_MATH = YES;
				ONLY_ACTIVE_ARCH = YES;
				SDKROOT = macosx;
				SWIFT_ACTIVE_COMPILATION_CONDITIONS = DEBUG;
				SWIFT_OPTIMIZATION_LEVEL = "-Onone";
				VERSIONING_SYSTEM = "apple-generic";
				VERSION_INFO_PREFIX = "";
			};
			name = Debug;
		};
		B27EC70F2773689E00BD3E4D /* Release */ = {
			isa = XCBuildConfiguration;
			buildSettings = {
				ALWAYS_EMBED_SWIFT_STANDARD_LIBRARIES = "$(inherited)";
				ALWAYS_SEARCH_USER_PATHS = NO;
				CLANG_ANALYZER_NONNULL = YES;
				CLANG_ANALYZER_NUMBER_OBJECT_CONVERSION = YES_AGGRESSIVE;
				CLANG_CXX_LANGUAGE_STANDARD = "gnu++17";
				CLANG_CXX_LIBRARY = "libc++";
				CLANG_ENABLE_MODULES = YES;
				CLANG_ENABLE_OBJC_ARC = YES;
				CLANG_ENABLE_OBJC_WEAK = YES;
				CLANG_WARN_BLOCK_CAPTURE_AUTORELEASING = YES;
				CLANG_WARN_BOOL_CONVERSION = YES;
				CLANG_WARN_COMMA = YES;
				CLANG_WARN_CONSTANT_CONVERSION = YES;
				CLANG_WARN_DEPRECATED_OBJC_IMPLEMENTATIONS = YES;
				CLANG_WARN_DIRECT_OBJC_ISA_USAGE = YES_ERROR;
				CLANG_WARN_DOCUMENTATION_COMMENTS = YES;
				CLANG_WARN_EMPTY_BODY = YES;
				CLANG_WARN_ENUM_CONVERSION = YES;
				CLANG_WARN_INFINITE_RECURSION = YES;
				CLANG_WARN_INT_CONVERSION = YES;
				CLANG_WARN_NON_LITERAL_NULL_CONVERSION = YES;
				CLANG_WARN_OBJC_IMPLICIT_RETAIN_SELF = YES;
				CLANG_WARN_OBJC_LITERAL_CONVERSION = YES;
				CLANG_WARN_OBJC_ROOT_CLASS = YES_ERROR;
				CLANG_WARN_QUOTED_INCLUDE_IN_FRAMEWORK_HEADER = YES;
				CLANG_WARN_RANGE_LOOP_ANALYSIS = YES;
				CLANG_WARN_STRICT_PROTOTYPES = YES;
				CLANG_WARN_SUSPICIOUS_MOVE = YES;
				CLANG_WARN_UNGUARDED_AVAILABILITY = YES_AGGRESSIVE;
				CLANG_WARN_UNREACHABLE_CODE = YES;
				CLANG_WARN__DUPLICATE_METHOD_MATCH = YES;
				COPY_PHASE_STRIP = NO;
				CURRENT_PROJECT_VERSION = 1;
				DEBUG_INFORMATION_FORMAT = "dwarf-with-dsym";
				ENABLE_NS_ASSERTIONS = NO;
				ENABLE_STRICT_OBJC_MSGSEND = YES;
				GCC_C_LANGUAGE_STANDARD = gnu11;
				GCC_NO_COMMON_BLOCKS = YES;
				GCC_WARN_64_TO_32_BIT_CONVERSION = YES;
				GCC_WARN_ABOUT_RETURN_TYPE = YES_ERROR;
				GCC_WARN_UNDECLARED_SELECTOR = YES;
				GCC_WARN_UNINITIALIZED_AUTOS = YES_AGGRESSIVE;
				GCC_WARN_UNUSED_FUNCTION = YES;
				GCC_WARN_UNUSED_VARIABLE = YES;
				MACOSX_DEPLOYMENT_TARGET = 11.6;
				MTL_ENABLE_DEBUG_INFO = NO;
				MTL_FAST_MATH = YES;
				SDKROOT = macosx;
				SWIFT_COMPILATION_MODE = wholemodule;
				SWIFT_OPTIMIZATION_LEVEL = "-O";
				VERSIONING_SYSTEM = "apple-generic";
				VERSION_INFO_PREFIX = "";
			};
			name = Release;
		};
		B27EC7112773689E00BD3E4D /* Debug */ = {
			isa = XCBuildConfiguration;
			baseConfigurationReference = D136A083976A7D8374FF553F /* Pods-SolidCourseFramework.debug.xcconfig */;
			buildSettings = {
				ALWAYS_EMBED_SWIFT_STANDARD_LIBRARIES = "$(inherited)";
				CLANG_ENABLE_MODULES = YES;
				CODE_SIGN_STYLE = Automatic;
				COMBINE_HIDPI_IMAGES = YES;
				CURRENT_PROJECT_VERSION = 1;
				DEFINES_MODULE = YES;
				DYLIB_COMPATIBILITY_VERSION = 1;
				DYLIB_CURRENT_VERSION = 1;
				DYLIB_INSTALL_NAME_BASE = "@rpath";
				GENERATE_INFOPLIST_FILE = YES;
				INFOPLIST_KEY_NSHumanReadableCopyright = "";
				INSTALL_PATH = "$(LOCAL_LIBRARY_DIR)/Frameworks";
				LD_RUNPATH_SEARCH_PATHS = (
					"$(inherited)",
					"@executable_path/../Frameworks",
					"@loader_path/Frameworks",
				);
				MARKETING_VERSION = 1.0;
				PRODUCT_BUNDLE_IDENTIFIER = ruslan.SolidCourseFramework;
				PRODUCT_NAME = "$(TARGET_NAME:c99extidentifier)";
				SKIP_INSTALL = YES;
				SWIFT_EMIT_LOC_STRINGS = YES;
				SWIFT_OPTIMIZATION_LEVEL = "-Onone";
				SWIFT_VERSION = 5.0;
			};
			name = Debug;
		};
		B27EC7122773689E00BD3E4D /* Release */ = {
			isa = XCBuildConfiguration;
			baseConfigurationReference = 193357DC726D8959DA39F61F /* Pods-SolidCourseFramework.release.xcconfig */;
			buildSettings = {
				ALWAYS_EMBED_SWIFT_STANDARD_LIBRARIES = "$(inherited)";
				CLANG_ENABLE_MODULES = YES;
				CODE_SIGN_STYLE = Automatic;
				COMBINE_HIDPI_IMAGES = YES;
				CURRENT_PROJECT_VERSION = 1;
				DEFINES_MODULE = YES;
				DYLIB_COMPATIBILITY_VERSION = 1;
				DYLIB_CURRENT_VERSION = 1;
				DYLIB_INSTALL_NAME_BASE = "@rpath";
				GENERATE_INFOPLIST_FILE = YES;
				INFOPLIST_KEY_NSHumanReadableCopyright = "";
				INSTALL_PATH = "$(LOCAL_LIBRARY_DIR)/Frameworks";
				LD_RUNPATH_SEARCH_PATHS = (
					"$(inherited)",
					"@executable_path/../Frameworks",
					"@loader_path/Frameworks",
				);
				MARKETING_VERSION = 1.0;
				PRODUCT_BUNDLE_IDENTIFIER = ruslan.SolidCourseFramework;
				PRODUCT_NAME = "$(TARGET_NAME:c99extidentifier)";
				SKIP_INSTALL = YES;
				SWIFT_EMIT_LOC_STRINGS = YES;
				SWIFT_VERSION = 5.0;
			};
			name = Release;
		};
		B27EC7142773689E00BD3E4D /* Debug */ = {
			isa = XCBuildConfiguration;
			baseConfigurationReference = CE33FB66BC7F1FD7CCA75088 /* Pods-SolidCourseFramework-SolidCourseFrameworkTests.debug.xcconfig */;
			buildSettings = {
				ALWAYS_EMBED_SWIFT_STANDARD_LIBRARIES = "$(inherited)";
				CODE_SIGN_STYLE = Automatic;
				CURRENT_PROJECT_VERSION = 1;
				GENERATE_INFOPLIST_FILE = YES;
				MARKETING_VERSION = 1.0;
				PRODUCT_BUNDLE_IDENTIFIER = ruslan.SolidCourseFrameworkTests;
				PRODUCT_NAME = "$(TARGET_NAME)";
				SWIFT_EMIT_LOC_STRINGS = NO;
				SWIFT_VERSION = 5.0;
			};
			name = Debug;
		};
		B27EC7152773689E00BD3E4D /* Release */ = {
			isa = XCBuildConfiguration;
			baseConfigurationReference = 84A085C7E87CD83189ACFFF1 /* Pods-SolidCourseFramework-SolidCourseFrameworkTests.release.xcconfig */;
			buildSettings = {
				ALWAYS_EMBED_SWIFT_STANDARD_LIBRARIES = "$(inherited)";
				CODE_SIGN_STYLE = Automatic;
				CURRENT_PROJECT_VERSION = 1;
				GENERATE_INFOPLIST_FILE = YES;
				MARKETING_VERSION = 1.0;
				PRODUCT_BUNDLE_IDENTIFIER = ruslan.SolidCourseFrameworkTests;
				PRODUCT_NAME = "$(TARGET_NAME)";
				SWIFT_EMIT_LOC_STRINGS = NO;
				SWIFT_VERSION = 5.0;
			};
			name = Release;
		};
/* End XCBuildConfiguration section */

/* Begin XCConfigurationList section */
		B27EC6F82773689E00BD3E4D /* Build configuration list for PBXProject "SolidCourseFramework" */ = {
			isa = XCConfigurationList;
			buildConfigurations = (
				B27EC70E2773689E00BD3E4D /* Debug */,
				B27EC70F2773689E00BD3E4D /* Release */,
			);
			defaultConfigurationIsVisible = 0;
			defaultConfigurationName = Release;
		};
		B27EC7102773689E00BD3E4D /* Build configuration list for PBXNativeTarget "SolidCourseFramework" */ = {
			isa = XCConfigurationList;
			buildConfigurations = (
				B27EC7112773689E00BD3E4D /* Debug */,
				B27EC7122773689E00BD3E4D /* Release */,
			);
			defaultConfigurationIsVisible = 0;
			defaultConfigurationName = Release;
		};
		B27EC7132773689E00BD3E4D /* Build configuration list for PBXNativeTarget "SolidCourseFrameworkTests" */ = {
			isa = XCConfigurationList;
			buildConfigurations = (
				B27EC7142773689E00BD3E4D /* Debug */,
				B27EC7152773689E00BD3E4D /* Release */,
			);
			defaultConfigurationIsVisible = 0;
			defaultConfigurationName = Release;
		};
/* End XCConfigurationList section */
	};
	rootObject = B27EC6F52773689E00BD3E4D /* Project object */;
}
